
Microsoft Visual Studio Solution File, Format Version 12.00
# Visual Studio Version 17
VisualStudioVersion = 17.3.32901.215
MinimumVisualStudioVersion = 10.0.40219.1
Project("{8BC9CEB8-8B4A-11D0-8D11-00A0C91BC942}") = "cisco-libsrtp-crypto", "crypto\vs_proj\cisco-libsrtp-crypto.vcxproj", "{BB6264FC-9AFB-4A55-937B-0CB757501B8A}"
EndProject
Global
	GlobalSection(SolutionConfigurationPlatforms) = preSolution
		Debug_DLL|x64 = Debug_DLL|x64
		Debug_DLL|x86 = Debug_DLL|x86
		Debug|x64 = Debug|x64
		Debug|x86 = Debug|x86
		Release_DLL|x64 = Release_DLL|x64
		Release_DLL|x86 = Release_DLL|x86
		Release_lib_2019|x64 = Release_lib_2019|x64
		Release_lib_2019|x86 = Release_lib_2019|x86
		Release_lib_2022|x64 = Release_lib_2022|x64
		Release_lib_2022|x86 = Release_lib_2022|x86
	EndGlobalSection
	GlobalSection(ProjectConfigurationPlatforms) = postSolution
		{BB6264FC-9AFB-4A55-937B-0CB757501B8A}.Debug_DLL|x64.ActiveCfg = Debug_DLL|x64
		{BB6264FC-9AFB-4A55-937B-0CB757501B8A}.Debug_DLL|x64.Build.0 = Debug_DLL|x64
		{BB6264FC-9AFB-4A55-937B-0CB757501B8A}.Debug_DLL|x86.ActiveCfg = Debug_DLL|Win32
		{BB6264FC-9AFB-4A55-937B-0CB757501B8A}.Debug_DLL|x86.Build.0 = Debug_DLL|Win32
		{BB6264FC-9AFB-4A55-937B-0CB757501B8A}.Debug|x64.ActiveCfg = Debug|x64
		{BB6264FC-9AFB-4A55-937B-0CB757501B8A}.Debug|x64.Build.0 = Debug|x64
		{BB6264FC-9AFB-4A55-937B-0CB757501B8A}.Debug|x86.ActiveCfg = Debug|Win32
		{BB6264FC-9AFB-4A55-937B-0CB757501B8A}.Debug|x86.Build.0 = Debug|Win32
		{BB6264FC-9AFB-4A55-937B-0CB757501B8A}.Release_DLL|x64.ActiveCfg = Release_DLL|x64
		{BB6264FC-9AFB-4A55-937B-0CB757501B8A}.Release_DLL|x64.Build.0 = Release_DLL|x64
		{BB6264FC-9AFB-4A55-937B-0CB757501B8A}.Release_DLL|x86.ActiveCfg = Release_DLL|Win32
		{BB6264FC-9AFB-4A55-937B-0CB757501B8A}.Release_DLL|x86.Build.0 = Release_DLL|Win32
		{BB6264FC-9AFB-4A55-937B-0CB757501B8A}.Release_lib_2019|x64.ActiveCfg = Release_lib_2019|x64
		{BB6264FC-9AFB-4A55-937B-0CB757501B8A}.Release_lib_2019|x64.Build.0 = Release_lib_2019|x64
		{BB6264FC-9AFB-4A55-937B-0CB757501B8A}.Release_lib_2019|x86.ActiveCfg = Release_lib_2019|Win32
		{BB6264FC-9AFB-4A55-937B-0CB757501B8A}.Release_lib_2019|x86.Build.0 = Release_lib_2019|Win32
		{BB6264FC-9AFB-4A55-937B-0CB757501B8A}.Release_lib_2022|x64.ActiveCfg = Release_lib_2022|x64
		{BB6264FC-9AFB-4A55-937B-0CB757501B8A}.Release_lib_2022|x64.Build.0 = Release_lib_2022|x64
		{BB6264FC-9AFB-4A55-937B-0CB757501B8A}.Release_lib_2022|x86.ActiveCfg = Release_lib_2022|Win32
		{BB6264FC-9AFB-4A55-937B-0CB757501B8A}.Release_lib_2022|x86.Build.0 = Release_lib_2022|Win32
	EndGlobalSection
	GlobalSection(SolutionProperties) = preSolution
		HideSolutionNode = FALSE
	EndGlobalSection
	GlobalSection(ExtensibilityGlobals) = postSolution
		SolutionGuid = {796EB88E-E81C-4575-8EF4-32063DD1826E}
	EndGlobalSection
EndGlobal
